{
  "version": 4,
  "terraform_version": "1.1.6",
  "serial": 502,
  "lineage": "46055240-57b1-af39-aaf6-e535700baf1e",
  "outputs": {},
  "resources": [
    {
      "mode": "data",
      "type": "aws_availability_zones",
      "name": "azs",
      "provider": "provider[\"registry.terraform.io/hashicorp/aws\"]",
      "instances": [
        {
          "schema_version": 0,
          "attributes": {
            "all_availability_zones": null,
            "exclude_names": null,
            "exclude_zone_ids": null,
            "filter": null,
            "group_names": [
              "ca-central-1"
            ],
            "id": "ca-central-1",
            "names": [
              "ca-central-1a",
              "ca-central-1b",
              "ca-central-1d"
            ],
            "state": null,
            "zone_ids": [
              "cac1-az1",
              "cac1-az2",
              "cac1-az4"
            ]
          },
          "sensitive_attributes": []
        }
      ]
    },
    {
      "module": "module.eks",
      "mode": "managed",
      "type": "aws_security_group",
      "name": "workers",
      "provider": "provider[\"registry.terraform.io/hashicorp/aws\"]",
      "instances": [
        {
          "index_key": 0,
          "schema_version": 1,
          "attributes": {
            "arn": "arn:aws:ec2:ca-central-1:866796275485:security-group/sg-0ed75d3f48a0a9136",
            "description": "Security group for all nodes in the cluster.",
            "egress": [],
            "id": "sg-0ed75d3f48a0a9136",
            "ingress": [],
            "name": "terraform-eks-cluster20220304035633971000000008",
            "name_prefix": "terraform-eks-cluster",
            "owner_id": "866796275485",
            "revoke_rules_on_delete": false,
            "tags": {
              "Name": "terraform-eks-cluster-eks_worker_sg",
              "application": "terraform",
              "environment": "development",
              "kubernetes.io/cluster/terraform-eks-cluster": "owned"
            },
            "tags_all": {
              "Name": "terraform-eks-cluster-eks_worker_sg",
              "application": "terraform",
              "environment": "development",
              "kubernetes.io/cluster/terraform-eks-cluster": "owned"
            },
            "timeouts": null,
            "vpc_id": "vpc-0527152f1ed872d7e"
          },
          "sensitive_attributes": [],
          "private": "eyJlMmJmYjczMC1lY2FhLTExZTYtOGY4OC0zNDM2M2JjN2M0YzAiOnsiY3JlYXRlIjo2MDAwMDAwMDAwMDAsImRlbGV0ZSI6OTAwMDAwMDAwMDAwfSwic2NoZW1hX3ZlcnNpb24iOiIxIn0=",
          "dependencies": [
            "module.terraform-vpc.aws_vpc.this"
          ],
          "create_before_destroy": true
        }
      ]
    },
    {
      "module": "module.terraform-vpc",
      "mode": "managed",
      "type": "aws_subnet",
      "name": "private",
      "provider": "provider[\"registry.terraform.io/hashicorp/aws\"]",
      "instances": [
        {
          "index_key": 0,
          "schema_version": 1,
          "attributes": {
            "arn": "arn:aws:ec2:ca-central-1:866796275485:subnet/subnet-099e618fea81c9c07",
            "assign_ipv6_address_on_creation": false,
            "availability_zone": "ca-central-1a",
            "availability_zone_id": "cac1-az1",
            "cidr_block": "10.0.1.0/24",
            "customer_owned_ipv4_pool": "",
            "id": "subnet-099e618fea81c9c07",
            "ipv6_cidr_block": "",
            "ipv6_cidr_block_association_id": "",
            "map_customer_owned_ip_on_launch": false,
            "map_public_ip_on_launch": false,
            "outpost_arn": "",
            "owner_id": "866796275485",
            "tags": {
              "Name": "terraform-vpc-private-ca-central-1a",
              "kubernetes.io/cluster/terraform-eks-cluster": "shared",
              "kubernetes.io/role/internal-elb": "1"
            },
            "tags_all": {
              "Name": "terraform-vpc-private-ca-central-1a",
              "kubernetes.io/cluster/terraform-eks-cluster": "shared",
              "kubernetes.io/role/internal-elb": "1"
            },
            "timeouts": null,
            "vpc_id": "vpc-0527152f1ed872d7e"
          },
          "sensitive_attributes": [],
          "private": "eyJlMmJmYjczMC1lY2FhLTExZTYtOGY4OC0zNDM2M2JjN2M0YzAiOnsiY3JlYXRlIjo2MDAwMDAwMDAwMDAsImRlbGV0ZSI6MTIwMDAwMDAwMDAwMH0sInNjaGVtYV92ZXJzaW9uIjoiMSJ9",
          "dependencies": [
            "data.aws_availability_zones.azs",
            "module.terraform-vpc.aws_vpc.this",
            "module.terraform-vpc.aws_vpc_ipv4_cidr_block_association.this"
          ],
          "create_before_destroy": true
        }
      ]
    },
    {
      "module": "module.terraform-vpc",
      "mode": "managed",
      "type": "aws_vpc",
      "name": "this",
      "provider": "provider[\"registry.terraform.io/hashicorp/aws\"]",
      "instances": [
        {
          "index_key": 0,
          "schema_version": 1,
          "attributes": {
            "arn": "arn:aws:ec2:ca-central-1:866796275485:vpc/vpc-0527152f1ed872d7e",
            "assign_generated_ipv6_cidr_block": false,
            "cidr_block": "10.0.0.0/16",
            "default_network_acl_id": "acl-09f8304ea3403f34c",
            "default_route_table_id": "rtb-07dfdb893e64e0c72",
            "default_security_group_id": "sg-058b4df9faa96bb61",
            "dhcp_options_id": "dopt-043387b3b512ee8ad",
            "enable_classiclink": null,
            "enable_classiclink_dns_support": null,
            "enable_dns_hostnames": true,
            "enable_dns_support": true,
            "id": "vpc-0527152f1ed872d7e",
            "instance_tenancy": "default",
            "ipv6_association_id": "",
            "ipv6_cidr_block": "",
            "main_route_table_id": "rtb-07dfdb893e64e0c72",
            "owner_id": "866796275485",
            "tags": {
              "Name": "terraform-vpc",
              "kubernetes.io/cluster/terraform-eks-cluster": "shared"
            },
            "tags_all": {
              "Name": "terraform-vpc",
              "kubernetes.io/cluster/terraform-eks-cluster": "shared"
            }
          },
          "sensitive_attributes": [],
          "private": "eyJzY2hlbWFfdmVyc2lvbiI6IjEifQ==",
          "create_before_destroy": true
        }
      ]
    }
  ]
}
